
Microsoft Visual Studio Solution File, Format Version 12.00
# Visual Studio Version 17
VisualStudioVersion = 17.7.34031.279
MinimumVisualStudioVersion = 10.0.40219.1
Project("{FAE04EC0-301F-11D3-BF4B-00C04F79EFBC}") = "DatabasePractice", "DatabasePractice\DatabasePractice.csproj", "{82188FCC-7EF8-44DB-8E50-39754AC64401}"
EndProject
Global
	GlobalSection(SolutionConfigurationPlatforms) = preSolution
		Debug|Any CPU = Debug|Any CPU
		Release|Any CPU = Release|Any CPU
	EndGlobalSection
	GlobalSection(ProjectConfigurationPlatforms) = postSolution
		{82188FCC-7EF8-44DB-8E50-39754AC64401}.Debug|Any CPU.ActiveCfg = Debug|Any CPU
		{82188FCC-7EF8-44DB-8E50-39754AC64401}.Debug|Any CPU.Build.0 = Debug|Any CPU
		{82188FCC-7EF8-44DB-8E50-39754AC64401}.Release|Any CPU.ActiveCfg = Release|Any CPU
		{82188FCC-7EF8-44DB-8E50-39754AC64401}.Release|Any CPU.Build.0 = Release|Any CPU
	EndGlobalSection
	GlobalSection(SolutionProperties) = preSolution
		HideSolutionNode = FALSE
	EndGlobalSection
	GlobalSection(ExtensibilityGlobals) = postSolution
		SolutionGuid = {167AFFD3-3C20-4470-A074-F39179EE8619}
	EndGlobalSection
EndGlobal
