
Microsoft Visual Studio Solution File, Format Version 12.00
# Visual Studio Version 17
VisualStudioVersion = 17.7.34031.279
MinimumVisualStudioVersion = 10.0.40219.1
Project("{FAE04EC0-301F-11D3-BF4B-00C04F79EFBC}") = "jaggedArray", "jaggedArray\jaggedArray.csproj", "{5C3FECBE-B6EA-4F23-8152-BB3C15FF9A9C}"
EndProject
Global
	GlobalSection(SolutionConfigurationPlatforms) = preSolution
		Debug|Any CPU = Debug|Any CPU
		Release|Any CPU = Release|Any CPU
	EndGlobalSection
	GlobalSection(ProjectConfigurationPlatforms) = postSolution
		{5C3FECBE-B6EA-4F23-8152-BB3C15FF9A9C}.Debug|Any CPU.ActiveCfg = Debug|Any CPU
		{5C3FECBE-B6EA-4F23-8152-BB3C15FF9A9C}.Debug|Any CPU.Build.0 = Debug|Any CPU
		{5C3FECBE-B6EA-4F23-8152-BB3C15FF9A9C}.Release|Any CPU.ActiveCfg = Release|Any CPU
		{5C3FECBE-B6EA-4F23-8152-BB3C15FF9A9C}.Release|Any CPU.Build.0 = Release|Any CPU
	EndGlobalSection
	GlobalSection(SolutionProperties) = preSolution
		HideSolutionNode = FALSE
	EndGlobalSection
	GlobalSection(ExtensibilityGlobals) = postSolution
		SolutionGuid = {EE181CC8-5FBB-4727-BAA8-816C151426C2}
	EndGlobalSection
EndGlobal
